
Microsoft Visual Studio Solution File, Format Version 12.00
# Visual Studio Version 17
VisualStudioVersion = 17.9.34728.123
MinimumVisualStudioVersion = 10.0.40219.1
Project("{FAE04EC0-301F-11D3-BF4B-00C04F79EFBC}") = "ClassLibAuthor", "ClassLibAutheur\ClassLibAuthor.csproj", "{596FEFC2-D4E9-49CA-B993-1FFEDC1C06A1}"
EndProject
Project("{FAE04EC0-301F-11D3-BF4B-00C04F79EFBC}") = "WebApiAuthor", "WebApiAuthor\WebApiAuthor.csproj", "{450600F4-A94D-4783-A671-7B42AC11F21E}"
EndProject
Global
	GlobalSection(SolutionConfigurationPlatforms) = preSolution
		Debug|Any CPU = Debug|Any CPU
		Release|Any CPU = Release|Any CPU
	EndGlobalSection
	GlobalSection(ProjectConfigurationPlatforms) = postSolution
		{596FEFC2-D4E9-49CA-B993-1FFEDC1C06A1}.Debug|Any CPU.ActiveCfg = Debug|Any CPU
		{596FEFC2-D4E9-49CA-B993-1FFEDC1C06A1}.Debug|Any CPU.Build.0 = Debug|Any CPU
		{596FEFC2-D4E9-49CA-B993-1FFEDC1C06A1}.Release|Any CPU.ActiveCfg = Release|Any CPU
		{596FEFC2-D4E9-49CA-B993-1FFEDC1C06A1}.Release|Any CPU.Build.0 = Release|Any CPU
		{450600F4-A94D-4783-A671-7B42AC11F21E}.Debug|Any CPU.ActiveCfg = Debug|Any CPU
		{450600F4-A94D-4783-A671-7B42AC11F21E}.Debug|Any CPU.Build.0 = Debug|Any CPU
		{450600F4-A94D-4783-A671-7B42AC11F21E}.Release|Any CPU.ActiveCfg = Release|Any CPU
		{450600F4-A94D-4783-A671-7B42AC11F21E}.Release|Any CPU.Build.0 = Release|Any CPU
	EndGlobalSection
	GlobalSection(SolutionProperties) = preSolution
		HideSolutionNode = FALSE
	EndGlobalSection
	GlobalSection(ExtensibilityGlobals) = postSolution
		SolutionGuid = {A7773CEC-B0AF-4E4E-BD82-41570845B045}
	EndGlobalSection
EndGlobal
